// !$*UTF8*$!
{
	archiveVersion = 1;
	classes = {
	};
	objectVersion = 77;
	objects = {

/* Begin PBXBuildFile section */
		935DC030DA0CA72167FC5BB8 /* catalog.json in Resources */ = {isa = PBXBuildFile; fileRef = 1BE04BB6BFC2C8FC34DD62F2 /* catalog.json */; };
		FA7A0A9B6D66EEE14ED9654B /* generator-registry.json in Resources */ = {isa = PBXBuildFile; fileRef = 943F82CF5C5AFC76781C7FFC /* generator-registry.json */; };
/* End PBXBuildFile section */

/* Begin PBXContainerItemProxy section */
		5BFAA6ECABF1EA5D42891A15 /* PBXContainerItemProxy */ = {
			isa = PBXContainerItemProxy;
			containerPortal = 70077B90026ABDB260BE960D /* Project object */;
			proxyType = 1;
			remoteGlobalIDString = F83C267BD749B4DE60F9E7E5;
			remoteInfo = PaperCreator;
		};
/* End PBXContainerItemProxy section */

/* Begin PBXFileReference section */
		1BE04BB6BFC2C8FC34DD62F2 /* catalog.json */ = {isa = PBXFileReference; lastKnownFileType = text.json; path = catalog.json; sourceTree = "<group>"; };
		49AA15F163D73C4DDB8D9B7B /* PaperCreator.app */ = {isa = PBXFileReference; explicitFileType = wrapper.application; includeInIndex = 0; path = PaperCreator.app; sourceTree = BUILT_PRODUCTS_DIR; };
		943F82CF5C5AFC76781C7FFC /* generator-registry.json */ = {isa = PBXFileReference; lastKnownFileType = text.json; path = "generator-registry.json"; sourceTree = "<group>"; };
		FBE3DF670F156B7CFB63330A /* PaperCreatorTests.xctest */ = {isa = PBXFileReference; explicitFileType = wrapper.cfbundle; includeInIndex = 0; path = PaperCreatorTests.xctest; sourceTree = BUILT_PRODUCTS_DIR; };
/* End PBXFileReference section */

/* Begin PBXFileSystemSynchronizedBuildFileExceptionSet section */
		012379F16A7FA1D220AD61BE /* PBXFileSystemSynchronizedBuildFileExceptionSet */ = {
			isa = PBXFileSystemSynchronizedBuildFileExceptionSet;
			membershipExceptions = (
				Info.plist,
				PaperCreatorBackend.entitlements,
				PaperCreatorDirect.entitlements,
				PaperCreator.entitlements,
			);
			target = F83C267BD749B4DE60F9E7E5 /* PaperCreator */;
		};
		7E93D3B8B72790A53880DE0C /* PBXFileSystemSynchronizedBuildFileExceptionSet */ = {
			isa = PBXFileSystemSynchronizedBuildFileExceptionSet;
			membershipExceptions = (
				Info.plist,
			);
			target = AA51BBF7103FDC0264F29039 /* PaperCreatorTests */;
		};
/* End PBXFileSystemSynchronizedBuildFileExceptionSet section */

/* Begin PBXFileSystemSynchronizedRootGroup section */
		09D71200BDC591CFAD261152 /* PaperCreator */ = {
			isa = PBXFileSystemSynchronizedRootGroup;
			exceptions = (
				012379F16A7FA1D220AD61BE /* PBXFileSystemSynchronizedBuildFileExceptionSet */,
			);
			explicitFileTypes = {
			};
			explicitFolders = (
			);
			path = PaperCreator;
			sourceTree = "<group>";
		};
		178798ACBEF73A9554415E41 /* Tests */ = {
			isa = PBXFileSystemSynchronizedRootGroup;
			exceptions = (
				7E93D3B8B72790A53880DE0C /* PBXFileSystemSynchronizedBuildFileExceptionSet */,
			);
			explicitFileTypes = {
			};
			explicitFolders = (
			);
			path = Tests;
			sourceTree = "<group>";
		};
/* End PBXFileSystemSynchronizedRootGroup section */

/* Begin PBXGroup section */
		5A104F05B07AA5C7DFB73882 /* Resources */ = {
			isa = PBXGroup;
			children = (
				1BE04BB6BFC2C8FC34DD62F2 /* catalog.json */,
				943F82CF5C5AFC76781C7FFC /* generator-registry.json */,
			);
			name = Resources;
			path = ../Resources;
			sourceTree = "<group>";
		};
		D7376D9BD672AB9C081AA3EE = {
			isa = PBXGroup;
			children = (
				09D71200BDC591CFAD261152 /* PaperCreator */,
				5A104F05B07AA5C7DFB73882 /* Resources */,
				178798ACBEF73A9554415E41 /* Tests */,
				EB87B0DB9ADE068E754390FF /* Products */,
			);
			sourceTree = "<group>";
		};
		EB87B0DB9ADE068E754390FF /* Products */ = {
			isa = PBXGroup;
			children = (
				49AA15F163D73C4DDB8D9B7B /* PaperCreator.app */,
				FBE3DF670F156B7CFB63330A /* PaperCreatorTests.xctest */,
			);
			name = Products;
			sourceTree = "<group>";
		};
/* End PBXGroup section */

/* Begin PBXNativeTarget section */
		AA51BBF7103FDC0264F29039 /* PaperCreatorTests */ = {
			isa = PBXNativeTarget;
			buildConfigurationList = 852358679ED3D4987E6D57FF /* Build configuration list for PBXNativeTarget "PaperCreatorTests" */;
			buildPhases = (
				2A89D26C4551409457D90475 /* Sources */,
				8B00F10A49A3773FABA4D95F /* Resources */,
			);
			buildRules = (
			);
			dependencies = (
				A80143C4770E08D04968BF0B /* PBXTargetDependency */,
			);
			fileSystemSynchronizedGroups = (
				178798ACBEF73A9554415E41 /* Tests */,
			);
			name = PaperCreatorTests;
			packageProductDependencies = (
			);
			productName = PaperCreatorTests;
			productReference = FBE3DF670F156B7CFB63330A /* PaperCreatorTests.xctest */;
			productType = "com.apple.product-type.bundle.unit-test";
		};
		F83C267BD749B4DE60F9E7E5 /* PaperCreator */ = {
			isa = PBXNativeTarget;
			buildConfigurationList = DA060FFFE6306031BB79E410 /* Build configuration list for PBXNativeTarget "PaperCreator" */;
			buildPhases = (
				BB891F61274F5025F093A5F3 /* Bundle standalone backend */,
				B772DB4F085E23E9B42BBABE /* Sources */,
				3FA0E03FC64459FAB4666292 /* Resources */,
			);
			buildRules = (
			);
			dependencies = (
			);
			fileSystemSynchronizedGroups = (
				09D71200BDC591CFAD261152 /* PaperCreator */,
			);
			name = PaperCreator;
			packageProductDependencies = (
			);
			productName = PaperCreator;
			productReference = 49AA15F163D73C4DDB8D9B7B /* PaperCreator.app */;
			productType = "com.apple.product-type.application";
		};
/* End PBXNativeTarget section */

/* Begin PBXProject section */
		70077B90026ABDB260BE960D /* Project object */ = {
			isa = PBXProject;
			attributes = {
				BuildIndependentTargetsInParallel = YES;
				LastUpgradeCheck = 2641;
				TargetAttributes = {
					F83C267BD749B4DE60F9E7E5 = {
						ProvisioningStyle = Automatic;
					};
				};
			};
			buildConfigurationList = BD70643DB4AC9BEBC60DB6D5 /* Build configuration list for PBXProject "PaperCreator" */;
			developmentRegion = en;
			hasScannedForEncodings = 0;
			knownRegions = (
				Base,
				en,
			);
			mainGroup = D7376D9BD672AB9C081AA3EE;
			minimizedProjectReferenceProxies = 1;
			preferredProjectObjectVersion = 77;
			productRefGroup = EB87B0DB9ADE068E754390FF /* Products */;
			projectDirPath = "";
			projectRoot = "";
			targets = (
				F83C267BD749B4DE60F9E7E5 /* PaperCreator */,
				AA51BBF7103FDC0264F29039 /* PaperCreatorTests */,
			);
		};
/* End PBXProject section */

/* Begin PBXResourcesBuildPhase section */
		3FA0E03FC64459FAB4666292 /* Resources */ = {
			isa = PBXResourcesBuildPhase;
			buildActionMask = 2147483647;
			files = (
				935DC030DA0CA72167FC5BB8 /* catalog.json in Resources */,
				FA7A0A9B6D66EEE14ED9654B /* generator-registry.json in Resources */,
			);
			runOnlyForDeploymentPostprocessing = 0;
		};
		8B00F10A49A3773FABA4D95F /* Resources */ = {
			isa = PBXResourcesBuildPhase;
			buildActionMask = 2147483647;
			files = (
			);
			runOnlyForDeploymentPostprocessing = 0;
		};
/* End PBXResourcesBuildPhase section */

/* Begin PBXShellScriptBuildPhase section */
		BB891F61274F5025F093A5F3 /* Bundle standalone backend */ = {
			isa = PBXShellScriptBuildPhase;
			alwaysOutOfDate = 1;
			buildActionMask = 2147483647;
			files = (
			);
			inputFileListPaths = (
			);
			inputPaths = (
				"$(SRCROOT)/../bridge.py",
				"$(SRCROOT)/../Backend/Core/cli.py",
				"$(SRCROOT)/../Backend/Core/generation.py",
				"$(SRCROOT)/../Backend/Core/providers.py",
				"$(SRCROOT)/../Resources/economics/edexcel-a/generator/pyproject.toml",
				"$(SRCROOT)/../Resources/economics/aqa/generator/pyproject.toml",
				"$(SRCROOT)/../Resources/economics/ocr/generator/pyproject.toml",
				"$(SRCROOT)/../Resources/computer-science/aqa/generator/pyproject.toml",
				"$(SRCROOT)/../Resources/computer-science/ocr/generator/pyproject.toml",
				"$(SRCROOT)/../Resources/business/aqa/generator/pyproject.toml",
				"$(SRCROOT)/../Resources/accounting/aqa/generator/pyproject.toml",
			);
			name = "Bundle standalone backend";
			outputFileListPaths = (
			);
			outputPaths = (
				"$(TARGET_BUILD_DIR)/$(UNLOCALIZED_RESOURCES_FOLDER_PATH)/PaperCreatorBackend/.built",
			);
			runOnlyForDeploymentPostprocessing = 0;
			shellPath = /bin/sh;
			shellScript = "\"$SRCROOT/scripts/build_backend.sh\"\n";
		};
/* End PBXShellScriptBuildPhase section */

/* Begin PBXSourcesBuildPhase section */
		2A89D26C4551409457D90475 /* Sources */ = {
			isa = PBXSourcesBuildPhase;
			buildActionMask = 2147483647;
			files = (
			);
			runOnlyForDeploymentPostprocessing = 0;
		};
		B772DB4F085E23E9B42BBABE /* Sources */ = {
			isa = PBXSourcesBuildPhase;
			buildActionMask = 2147483647;
			files = (
			);
			runOnlyForDeploymentPostprocessing = 0;
		};
/* End PBXSourcesBuildPhase section */

/* Begin PBXTargetDependency section */
		A80143C4770E08D04968BF0B /* PBXTargetDependency */ = {
			isa = PBXTargetDependency;
			target = F83C267BD749B4DE60F9E7E5 /* PaperCreator */;
			targetProxy = 5BFAA6ECABF1EA5D42891A15 /* PBXContainerItemProxy */;
		};
/* End PBXTargetDependency section */

/* Begin XCBuildConfiguration section */
		06FA098EBC70219D6DE69554 /* Debug */ = {
			isa = XCBuildConfiguration;
			buildSettings = {
				ALWAYS_SEARCH_USER_PATHS = NO;
				ARCHS = arm64;
				CLANG_ANALYZER_NONNULL = YES;
				CLANG_ANALYZER_NUMBER_OBJECT_CONVERSION = YES_AGGRESSIVE;
				CLANG_CXX_LANGUAGE_STANDARD = "gnu++20";
				CLANG_CXX_LIBRARY = "libc++";
				CLANG_ENABLE_MODULES = YES;
				CLANG_ENABLE_OBJC_ARC = YES;
				CLANG_ENABLE_OBJC_WEAK = YES;
				CLANG_WARN_BLOCK_CAPTURE_AUTORELEASING = YES;
				CLANG_WARN_BOOL_CONVERSION = YES;
				CLANG_WARN_COMMA = YES;
				CLANG_WARN_CONSTANT_CONVERSION = YES;
				CLANG_WARN_DEPRECATED_OBJC_IMPLEMENTATIONS = YES;
				CLANG_WARN_DIRECT_OBJC_ISA_USAGE = YES_ERROR;
				CLANG_WARN_DOCUMENTATION_COMMENTS = YES;
				CLANG_WARN_EMPTY_BODY = YES;
				CLANG_WARN_ENUM_CONVERSION = YES;
				CLANG_WARN_INFINITE_RECURSION = YES;
				CLANG_WARN_INT_CONVERSION = YES;
				CLANG_WARN_NON_LITERAL_NULL_CONVERSION = YES;
				CLANG_WARN_OBJC_IMPLICIT_RETAIN_SELF = YES;
				CLANG_WARN_OBJC_LITERAL_CONVERSION = YES;
				CLANG_WARN_OBJC_ROOT_CLASS = YES_ERROR;
				CLANG_WARN_QUOTED_INCLUDE_IN_FRAMEWORK_HEADER = YES;
				CLANG_WARN_RANGE_LOOP_ANALYSIS = YES;
				CLANG_WARN_STRICT_PROTOTYPES = YES;
				CLANG_WARN_SUSPICIOUS_MOVE = YES;
				CLANG_WARN_UNGUARDED_AVAILABILITY = YES_AGGRESSIVE;
				CLANG_WARN_UNREACHABLE_CODE = YES;
				CLANG_WARN__DUPLICATE_METHOD_MATCH = YES;
				COPY_PHASE_STRIP = NO;
				DEBUG_INFORMATION_FORMAT = dwarf;
				ENABLE_STRICT_OBJC_MSGSEND = YES;
				ENABLE_TESTABILITY = YES;
				ENABLE_USER_SCRIPT_SANDBOXING = YES;
				GCC_C_LANGUAGE_STANDARD = gnu17;
				GCC_DYNAMIC_NO_PIC = NO;
				GCC_NO_COMMON_BLOCKS = YES;
				GCC_OPTIMIZATION_LEVEL = 0;
				GCC_PREPROCESSOR_DEFINITIONS = (
					"$(inherited)",
					"DEBUG=1",
				);
				GCC_WARN_64_TO_32_BIT_CONVERSION = YES;
				GCC_WARN_ABOUT_RETURN_TYPE = YES_ERROR;
				GCC_WARN_UNDECLARED_SELECTOR = YES;
				GCC_WARN_UNINITIALIZED_AUTOS = YES_AGGRESSIVE;
				GCC_WARN_UNUSED_FUNCTION = YES;
				GCC_WARN_UNUSED_VARIABLE = YES;
				LOCALIZATION_PREFERS_STRING_CATALOGS = YES;
				MACOSX_DEPLOYMENT_TARGET = 15.0;
				MTL_ENABLE_DEBUG_INFO = INCLUDE_SOURCE;
				MTL_FAST_MATH = YES;
				ONLY_ACTIVE_ARCH = YES;
				PRODUCT_NAME = "$(TARGET_NAME)";
				SDKROOT = macosx;
				SWIFT_ACTIVE_COMPILATION_CONDITIONS = DEBUG;
				SWIFT_OPTIMIZATION_LEVEL = "-Onone";
				SWIFT_VERSION = 5.0;
			};
			name = Debug;
		};
		3129FBD99CF72F99E372C5E8 /* Release */ = {
			isa = XCBuildConfiguration;
			buildSettings = {
				APP_SANDBOX_ENABLED = NO;
				ASSETCATALOG_COMPILER_APPICON_NAME = AppIcon;
				ASSETCATALOG_COMPILER_GLOBAL_ACCENT_COLOR_NAME = AccentColor;
				CODE_SIGN_ENTITLEMENTS = "$(CODE_SIGN_ENTITLEMENTS_FILE)";
				CODE_SIGN_ENTITLEMENTS_FILE = PaperCreator/PaperCreatorDirect.entitlements;
				CODE_SIGN_STYLE = Automatic;
				COMBINE_HIDPI_IMAGES = YES;
				CURRENT_PROJECT_VERSION = 1;
				DISTRIBUTION_MODE = direct;
				ENABLE_APP_SANDBOX = "$(APP_SANDBOX_ENABLED)";
				ENABLE_HARDENED_RUNTIME = YES;
				ENABLE_OUTGOING_NETWORK_CONNECTIONS = YES;
				ENABLE_PREVIEWS = YES;
				ENABLE_USER_SCRIPT_SANDBOXING = NO;
				ENABLE_USER_SELECTED_FILES = readwrite;
				GENERATE_INFOPLIST_FILE = NO;
				INFOPLIST_FILE = PaperCreator/Info.plist;
				LD_RUNPATH_SEARCH_PATHS = (
					"$(inherited)",
					"@executable_path/../Frameworks",
				);
				MARKETING_VERSION = 1.0;
				PRODUCT_BUNDLE_IDENTIFIER = com.jamesdurup.PaperCreator;
				PRODUCT_NAME = "$(TARGET_NAME)";
				REGISTER_APP_GROUPS = YES;
				SDKROOT = macosx;
				STRING_CATALOG_GENERATE_SYMBOLS = YES;
				SWIFT_APPROACHABLE_CONCURRENCY = YES;
				SWIFT_EMIT_LOC_STRINGS = YES;
				SWIFT_UPCOMING_FEATURE_MEMBER_IMPORT_VISIBILITY = YES;
				SWIFT_VERSION = 5.0;
			};
			name = Release;
		};
		3D1EE8820509A6E494B5EC1D /* Release */ = {
			isa = XCBuildConfiguration;
			buildSettings = {
				BUNDLE_LOADER = "$(TEST_HOST)";
				COMBINE_HIDPI_IMAGES = YES;
				INFOPLIST_FILE = Tests/Info.plist;
				LD_RUNPATH_SEARCH_PATHS = (
					"$(inherited)",
					"@executable_path/../Frameworks",
					"@loader_path/../Frameworks",
				);
				PRODUCT_BUNDLE_IDENTIFIER = com.jamesdurup.PaperCreator.Tests;
				SDKROOT = macosx;
				TEST_HOST = "$(BUILT_PRODUCTS_DIR)/PaperCreator.app/Contents/MacOS/PaperCreator";
			};
			name = Release;
		};
		6259793B588D843EDA81884C /* Debug */ = {
			isa = XCBuildConfiguration;
			buildSettings = {
				APP_SANDBOX_ENABLED = NO;
				ASSETCATALOG_COMPILER_APPICON_NAME = AppIcon;
				ASSETCATALOG_COMPILER_GLOBAL_ACCENT_COLOR_NAME = AccentColor;
				CODE_SIGN_ENTITLEMENTS = "$(CODE_SIGN_ENTITLEMENTS_FILE)";
				CODE_SIGN_ENTITLEMENTS_FILE = PaperCreator/PaperCreatorDirect.entitlements;
				CODE_SIGN_STYLE = Automatic;
				COMBINE_HIDPI_IMAGES = YES;
				CURRENT_PROJECT_VERSION = 1;
				DISTRIBUTION_MODE = direct;
				ENABLE_APP_SANDBOX = "$(APP_SANDBOX_ENABLED)";
				ENABLE_HARDENED_RUNTIME = YES;
				ENABLE_OUTGOING_NETWORK_CONNECTIONS = YES;
				ENABLE_PREVIEWS = YES;
				ENABLE_USER_SCRIPT_SANDBOXING = NO;
				ENABLE_USER_SELECTED_FILES = readwrite;
				GENERATE_INFOPLIST_FILE = NO;
				INFOPLIST_FILE = PaperCreator/Info.plist;
				LD_RUNPATH_SEARCH_PATHS = (
					"$(inherited)",
					"@executable_path/../Frameworks",
				);
				MARKETING_VERSION = 1.0;
				PRODUCT_BUNDLE_IDENTIFIER = com.jamesdurup.PaperCreator;
				PRODUCT_NAME = "$(TARGET_NAME)";
				REGISTER_APP_GROUPS = YES;
				SDKROOT = macosx;
				STRING_CATALOG_GENERATE_SYMBOLS = YES;
				SWIFT_APPROACHABLE_CONCURRENCY = YES;
				SWIFT_EMIT_LOC_STRINGS = YES;
				SWIFT_UPCOMING_FEATURE_MEMBER_IMPORT_VISIBILITY = YES;
				SWIFT_VERSION = 5.0;
			};
			name = Debug;
		};
		C4760E36B2827453CECBBFC3 /* Release */ = {
			isa = XCBuildConfiguration;
			buildSettings = {
				ALWAYS_SEARCH_USER_PATHS = NO;
				ARCHS = arm64;
				CLANG_ANALYZER_NONNULL = YES;
				CLANG_ANALYZER_NUMBER_OBJECT_CONVERSION = YES_AGGRESSIVE;
				CLANG_CXX_LANGUAGE_STANDARD = "gnu++20";
				CLANG_CXX_LIBRARY = "libc++";
				CLANG_ENABLE_MODULES = YES;
				CLANG_ENABLE_OBJC_ARC = YES;
				CLANG_ENABLE_OBJC_WEAK = YES;
				CLANG_WARN_BLOCK_CAPTURE_AUTORELEASING = YES;
				CLANG_WARN_BOOL_CONVERSION = YES;
				CLANG_WARN_COMMA = YES;
				CLANG_WARN_CONSTANT_CONVERSION = YES;
				CLANG_WARN_DEPRECATED_OBJC_IMPLEMENTATIONS = YES;
				CLANG_WARN_DIRECT_OBJC_ISA_USAGE = YES_ERROR;
				CLANG_WARN_DOCUMENTATION_COMMENTS = YES;
				CLANG_WARN_EMPTY_BODY = YES;
				CLANG_WARN_ENUM_CONVERSION = YES;
				CLANG_WARN_INFINITE_RECURSION = YES;
				CLANG_WARN_INT_CONVERSION = YES;
				CLANG_WARN_NON_LITERAL_NULL_CONVERSION = YES;
				CLANG_WARN_OBJC_IMPLICIT_RETAIN_SELF = YES;
				CLANG_WARN_OBJC_LITERAL_CONVERSION = YES;
				CLANG_WARN_OBJC_ROOT_CLASS = YES_ERROR;
				CLANG_WARN_QUOTED_INCLUDE_IN_FRAMEWORK_HEADER = YES;
				CLANG_WARN_RANGE_LOOP_ANALYSIS = YES;
				CLANG_WARN_STRICT_PROTOTYPES = YES;
				CLANG_WARN_SUSPICIOUS_MOVE = YES;
				CLANG_WARN_UNGUARDED_AVAILABILITY = YES_AGGRESSIVE;
				CLANG_WARN_UNREACHABLE_CODE = YES;
				CLANG_WARN__DUPLICATE_METHOD_MATCH = YES;
				COPY_PHASE_STRIP = NO;
				DEBUG_INFORMATION_FORMAT = "dwarf-with-dsym";
				ENABLE_NS_ASSERTIONS = NO;
				ENABLE_STRICT_OBJC_MSGSEND = YES;
				ENABLE_USER_SCRIPT_SANDBOXING = YES;
				GCC_C_LANGUAGE_STANDARD = gnu17;
				GCC_NO_COMMON_BLOCKS = YES;
				GCC_WARN_64_TO_32_BIT_CONVERSION = YES;
				GCC_WARN_ABOUT_RETURN_TYPE = YES_ERROR;
				GCC_WARN_UNDECLARED_SELECTOR = YES;
				GCC_WARN_UNINITIALIZED_AUTOS = YES_AGGRESSIVE;
				GCC_WARN_UNUSED_FUNCTION = YES;
				GCC_WARN_UNUSED_VARIABLE = YES;
				LOCALIZATION_PREFERS_STRING_CATALOGS = YES;
				MACOSX_DEPLOYMENT_TARGET = 15.0;
				MTL_ENABLE_DEBUG_INFO = NO;
				MTL_FAST_MATH = YES;
				PRODUCT_NAME = "$(TARGET_NAME)";
				SDKROOT = macosx;
				SWIFT_COMPILATION_MODE = wholemodule;
				SWIFT_OPTIMIZATION_LEVEL = "-O";
				SWIFT_VERSION = 5.0;
			};
			name = Release;
		};
		E0D92D50FE699BBA3495666D /* Debug */ = {
			isa = XCBuildConfiguration;
			buildSettings = {
				BUNDLE_LOADER = "$(TEST_HOST)";
				COMBINE_HIDPI_IMAGES = YES;
				INFOPLIST_FILE = Tests/Info.plist;
				LD_RUNPATH_SEARCH_PATHS = (
					"$(inherited)",
					"@executable_path/../Frameworks",
					"@loader_path/../Frameworks",
				);
				PRODUCT_BUNDLE_IDENTIFIER = com.jamesdurup.PaperCreator.Tests;
				SDKROOT = macosx;
				TEST_HOST = "$(BUILT_PRODUCTS_DIR)/PaperCreator.app/Contents/MacOS/PaperCreator";
			};
			name = Debug;
		};
/* End XCBuildConfiguration section */

/* Begin XCConfigurationList section */
		852358679ED3D4987E6D57FF /* Build configuration list for PBXNativeTarget "PaperCreatorTests" */ = {
			isa = XCConfigurationList;
			buildConfigurations = (
				E0D92D50FE699BBA3495666D /* Debug */,
				3D1EE8820509A6E494B5EC1D /* Release */,
			);
			defaultConfigurationIsVisible = 0;
			defaultConfigurationName = Debug;
		};
		BD70643DB4AC9BEBC60DB6D5 /* Build configuration list for PBXProject "PaperCreator" */ = {
			isa = XCConfigurationList;
			buildConfigurations = (
				06FA098EBC70219D6DE69554 /* Debug */,
				C4760E36B2827453CECBBFC3 /* Release */,
			);
			defaultConfigurationIsVisible = 0;
			defaultConfigurationName = Debug;
		};
		DA060FFFE6306031BB79E410 /* Build configuration list for PBXNativeTarget "PaperCreator" */ = {
			isa = XCConfigurationList;
			buildConfigurations = (
				6259793B588D843EDA81884C /* Debug */,
				3129FBD99CF72F99E372C5E8 /* Release */,
			);
			defaultConfigurationIsVisible = 0;
			defaultConfigurationName = Debug;
		};
/* End XCConfigurationList section */
	};
	rootObject = 70077B90026ABDB260BE960D /* Project object */;
}
